// !$*UTF8*$!
{
	archiveVersion = 1;
	classes = {
	};
	objectVersion = 56;
	objects = {

/* Begin PBXBuildFile section */
		E7708DC828F543C100E20336 /* AppDelegate.swift in Sources */ = {isa = PBXBuildFile; fileRef = E7708DC728F543C100E20336 /* AppDelegate.swift */; };
		E7708DCA28F543C100E20336 /* SceneDelegate.swift in Sources */ = {isa = PBXBuildFile; fileRef = E7708DC928F543C100E20336 /* SceneDelegate.swift */; };
		E7708DCC28F543C100E20336 /* OnboardingViewController.swift in Sources */ = {isa = PBXBuildFile; fileRef = E7708DCB28F543C100E20336 /* OnboardingViewController.swift */; };
		E7708DD228F543C100E20336 /* FlickerLong.xcdatamodeld in Sources */ = {isa = PBXBuildFile; fileRef = E7708DD028F543C100E20336 /* FlickerLong.xcdatamodeld */; };
		E7708DD428F543C200E20336 /* Assets.xcassets in Resources */ = {isa = PBXBuildFile; fileRef = E7708DD328F543C200E20336 /* Assets.xcassets */; };
		E7708DD728F543C200E20336 /* LaunchScreen.storyboard in Resources */ = {isa = PBXBuildFile; fileRef = E7708DD528F543C200E20336 /* LaunchScreen.storyboard */; };
		E7708DE528F5487100E20336 /* Constant.swift in Sources */ = {isa = PBXBuildFile; fileRef = E7708DE428F5487100E20336 /* Constant.swift */; };
		E7708DE828F548BE00E20336 /* OnboardingView.swift in Sources */ = {isa = PBXBuildFile; fileRef = E7708DE728F548BE00E20336 /* OnboardingView.swift */; };
		E7708DEC28F54D6900E20336 /* BackgroundOnboarding.jpg in Resources */ = {isa = PBXBuildFile; fileRef = E7708DEB28F54D6900E20336 /* BackgroundOnboarding.jpg */; };
		E7708DEE28F550BE00E20336 /* LogoNoBackground.png in Resources */ = {isa = PBXBuildFile; fileRef = E7708DED28F550BE00E20336 /* LogoNoBackground.png */; };
		E7708DF028F550D600E20336 /* Logo.png in Resources */ = {isa = PBXBuildFile; fileRef = E7708DEF28F550D600E20336 /* Logo.png */; };
		E7708DF328F5624700E20336 /* UIHelper.swift in Sources */ = {isa = PBXBuildFile; fileRef = E7708DF228F5624600E20336 /* UIHelper.swift */; };
		E7708E2E28F5639100E20336 /* Nunito-Medium.ttf in Resources */ = {isa = PBXBuildFile; fileRef = E7708E1E28F5639100E20336 /* Nunito-Medium.ttf */; };
		E7708E2F28F5639100E20336 /* Nunito-ExtraBoldItalic.ttf in Resources */ = {isa = PBXBuildFile; fileRef = E7708E1F28F5639100E20336 /* Nunito-ExtraBoldItalic.ttf */; };
		E7708E3028F5639100E20336 /* Nunito-ExtraBold.ttf in Resources */ = {isa = PBXBuildFile; fileRef = E7708E2028F5639100E20336 /* Nunito-ExtraBold.ttf */; };
		E7708E3128F5639100E20336 /* Nunito-ExtraLightItalic.ttf in Resources */ = {isa = PBXBuildFile; fileRef = E7708E2128F5639100E20336 /* Nunito-ExtraLightItalic.ttf */; };
		E7708E3228F5639100E20336 /* Nunito-Light.ttf in Resources */ = {isa = PBXBuildFile; fileRef = E7708E2228F5639100E20336 /* Nunito-Light.ttf */; };
		E7708E3328F5639100E20336 /* Nunito-Regular.ttf in Resources */ = {isa = PBXBuildFile; fileRef = E7708E2328F5639100E20336 /* Nunito-Regular.ttf */; };
		E7708E3428F5639100E20336 /* Nunito-SemiBold.ttf in Resources */ = {isa = PBXBuildFile; fileRef = E7708E2428F5639100E20336 /* Nunito-SemiBold.ttf */; };
		E7708E3528F5639100E20336 /* Nunito-Bold.ttf in Resources */ = {isa = PBXBuildFile; fileRef = E7708E2528F5639100E20336 /* Nunito-Bold.ttf */; };
		E7708E3628F5639100E20336 /* Nunito-BoldItalic.ttf in Resources */ = {isa = PBXBuildFile; fileRef = E7708E2628F5639100E20336 /* Nunito-BoldItalic.ttf */; };
		E7708E3728F5639100E20336 /* Nunito-Black.ttf in Resources */ = {isa = PBXBuildFile; fileRef = E7708E2728F5639100E20336 /* Nunito-Black.ttf */; };
		E7708E3828F5639100E20336 /* Nunito-ExtraLight.ttf in Resources */ = {isa = PBXBuildFile; fileRef = E7708E2828F5639100E20336 /* Nunito-ExtraLight.ttf */; };
		E7708E3928F5639100E20336 /* Nunito-SemiBoldItalic.ttf in Resources */ = {isa = PBXBuildFile; fileRef = E7708E2928F5639100E20336 /* Nunito-SemiBoldItalic.ttf */; };
		E7708E3A28F5639100E20336 /* Nunito-BlackItalic.ttf in Resources */ = {isa = PBXBuildFile; fileRef = E7708E2A28F5639100E20336 /* Nunito-BlackItalic.ttf */; };
		E7708E3B28F5639100E20336 /* Nunito-Italic.ttf in Resources */ = {isa = PBXBuildFile; fileRef = E7708E2B28F5639100E20336 /* Nunito-Italic.ttf */; };
		E7708E3C28F5639100E20336 /* Nunito-LightItalic.ttf in Resources */ = {isa = PBXBuildFile; fileRef = E7708E2C28F5639100E20336 /* Nunito-LightItalic.ttf */; };
		E7708E3D28F5639100E20336 /* Nunito-MediumItalic.ttf in Resources */ = {isa = PBXBuildFile; fileRef = E7708E2D28F5639100E20336 /* Nunito-MediumItalic.ttf */; };
		E7708E4028F56BB300E20336 /* ArrowRight.png in Resources */ = {isa = PBXBuildFile; fileRef = E7708E3F28F56BB300E20336 /* ArrowRight.png */; };
		E7708E6A28F57B8700E20336 /* LoginViewController.swift in Sources */ = {isa = PBXBuildFile; fileRef = E7708E6928F57B8700E20336 /* LoginViewController.swift */; };
		E77A497228F93CA100925FD0 /* UploadViewController.swift in Sources */ = {isa = PBXBuildFile; fileRef = E77A497128F93CA100925FD0 /* UploadViewController.swift */; };
		E77A497428F93CAE00925FD0 /* ProfileViewController.swift in Sources */ = {isa = PBXBuildFile; fileRef = E77A497328F93CAE00925FD0 /* ProfileViewController.swift */; };
		E77A497628F9457C00925FD0 /* Helper.swift in Sources */ = {isa = PBXBuildFile; fileRef = E77A497528F9457C00925FD0 /* Helper.swift */; };
		E77A498128FA8A2900925FD0 /* CacheImage.swift in Sources */ = {isa = PBXBuildFile; fileRef = E77A498028FA8A2900925FD0 /* CacheImage.swift */; };
		E77A498A28FD310700925FD0 /* InformationView.swift in Sources */ = {isa = PBXBuildFile; fileRef = E77A498928FD310700925FD0 /* InformationView.swift */; };
		E77A498E28FD5ED300925FD0 /* PhotoPickerViewController.swift in Sources */ = {isa = PBXBuildFile; fileRef = E77A498D28FD5ED300925FD0 /* PhotoPickerViewController.swift */; };
		E77A499028FD635700925FD0 /* PickerImageCell.swift in Sources */ = {isa = PBXBuildFile; fileRef = E77A498F28FD635700925FD0 /* PickerImageCell.swift */; };
		E77A499328FD657600925FD0 /* PhotoPickerView.swift in Sources */ = {isa = PBXBuildFile; fileRef = E77A499228FD657600925FD0 /* PhotoPickerView.swift */; };
		E77A49A628FFA1C700925FD0 /* PostViewController.swift in Sources */ = {isa = PBXBuildFile; fileRef = E77A49A528FFA1C700925FD0 /* PostViewController.swift */; };
		E77A49A828FFA52B00925FD0 /* PostView.swift in Sources */ = {isa = PBXBuildFile; fileRef = E77A49A728FFA52B00925FD0 /* PostView.swift */; };
		E77A49AA28FFABDE00925FD0 /* LimitCharacterTextField.swift in Sources */ = {isa = PBXBuildFile; fileRef = E77A49A928FFABDE00925FD0 /* LimitCharacterTextField.swift */; };
		E7BA749328F6787800AEEC81 /* OAuthAuthorization.swift in Sources */ = {isa = PBXBuildFile; fileRef = E7BA749228F6787800AEEC81 /* OAuthAuthorization.swift */; };
		E7BA749528F67D5A00AEEC81 /* LoginView.swift in Sources */ = {isa = PBXBuildFile; fileRef = E7BA749428F67D5A00AEEC81 /* LoginView.swift */; };
		E7BA749F28F6B9A400AEEC81 /* HomeViewController.swift in Sources */ = {isa = PBXBuildFile; fileRef = E7BA749E28F6B9A400AEEC81 /* HomeViewController.swift */; };
		E7BA74A128F6B9CB00AEEC81 /* HomeView.swift in Sources */ = {isa = PBXBuildFile; fileRef = E7BA74A028F6B9CB00AEEC81 /* HomeView.swift */; };
		E7BA74A328F6BA5C00AEEC81 /* GenericCollectionView.swift in Sources */ = {isa = PBXBuildFile; fileRef = E7BA74A228F6BA5C00AEEC81 /* GenericCollectionView.swift */; };
		E7BA74A528F6C21400AEEC81 /* PopularCell.swift in Sources */ = {isa = PBXBuildFile; fileRef = E7BA74A428F6C21400AEEC81 /* PopularCell.swift */; };
		E7BA74A828F7B74700AEEC81 /* FlickerAPI.swift in Sources */ = {isa = PBXBuildFile; fileRef = E7BA74A728F7B74700AEEC81 /* FlickerAPI.swift */; };
		E7BA74AA28F7C6A100AEEC81 /* RecentData.swift in Sources */ = {isa = PBXBuildFile; fileRef = E7BA74A928F7C6A100AEEC81 /* RecentData.swift */; };
		E7BA74AC28F7C6AF00AEEC81 /* Photos.swift in Sources */ = {isa = PBXBuildFile; fileRef = E7BA74AB28F7C6AF00AEEC81 /* Photos.swift */; };
		E7BA74AE28F7C6B800AEEC81 /* Photo.swift in Sources */ = {isa = PBXBuildFile; fileRef = E7BA74AD28F7C6B800AEEC81 /* Photo.swift */; };
		E7BA74B028F7C75A00AEEC81 /* JSONSchemaSupport.swift in Sources */ = {isa = PBXBuildFile; fileRef = E7BA74AF28F7C75A00AEEC81 /* JSONSchemaSupport.swift */; };
		E7BA74B228F7CDB700AEEC81 /* Views.swift in Sources */ = {isa = PBXBuildFile; fileRef = E7BA74B128F7CDB700AEEC81 /* Views.swift */; };
		E7BA74B428F7CE8600AEEC81 /* HomeViewModel.swift in Sources */ = {isa = PBXBuildFile; fileRef = E7BA74B328F7CE8600AEEC81 /* HomeViewModel.swift */; };
		E7BA74B628F7CEA000AEEC81 /* ViewModel.swift in Sources */ = {isa = PBXBuildFile; fileRef = E7BA74B528F7CEA000AEEC81 /* ViewModel.swift */; };
		E7BA74BC28F7F4AC00AEEC81 /* PhotoView.swift in Sources */ = {isa = PBXBuildFile; fileRef = E7BA74BB28F7F4AC00AEEC81 /* PhotoView.swift */; };
		E7BA74BE28F9216600AEEC81 /* Repository.swift in Sources */ = {isa = PBXBuildFile; fileRef = E7BA74BD28F9216600AEEC81 /* Repository.swift */; };
/* End PBXBuildFile section */

/* Begin PBXContainerItemProxy section */
		E7BA748128F6760800AEEC81 /* PBXContainerItemProxy */ = {
			isa = PBXContainerItemProxy;
			containerPortal = E7BA747728F6760800AEEC81 /* OAuthSwift.xcodeproj */;
			proxyType = 2;
			remoteGlobalIDString = F435027A1A6791B200038A29;
			remoteInfo = OAuthSwift;
		};
		E7BA748328F6760800AEEC81 /* PBXContainerItemProxy */ = {
			isa = PBXContainerItemProxy;
			containerPortal = E7BA747728F6760800AEEC81 /* OAuthSwift.xcodeproj */;
			proxyType = 2;
			remoteGlobalIDString = C48B28021AFA598D00C7DEF6;
			remoteInfo = OAuthSwiftMacOS;
		};
		E7BA748528F6760800AEEC81 /* PBXContainerItemProxy */ = {
			isa = PBXContainerItemProxy;
			containerPortal = E7BA747728F6760800AEEC81 /* OAuthSwift.xcodeproj */;
			proxyType = 2;
			remoteGlobalIDString = C4B6EE1E1BF74CE300443596;
			remoteInfo = OAuthSwiftTVOS;
		};
		E7BA748728F6760800AEEC81 /* PBXContainerItemProxy */ = {
			isa = PBXContainerItemProxy;
			containerPortal = E7BA747728F6760800AEEC81 /* OAuthSwift.xcodeproj */;
			proxyType = 2;
			remoteGlobalIDString = C40890C01C11B37000E3146A;
			remoteInfo = OAuthSwiftWatchOS;
		};
		E7BA748928F6760800AEEC81 /* PBXContainerItemProxy */ = {
			isa = PBXContainerItemProxy;
			containerPortal = E7BA747728F6760800AEEC81 /* OAuthSwift.xcodeproj */;
			proxyType = 2;
			remoteGlobalIDString = F451E3C5195B8CD80051434C;
			remoteInfo = OAuthSwiftDemo;
		};
		E7BA748B28F6760800AEEC81 /* PBXContainerItemProxy */ = {
			isa = PBXContainerItemProxy;
			containerPortal = E7BA747728F6760800AEEC81 /* OAuthSwift.xcodeproj */;
			proxyType = 2;
			remoteGlobalIDString = C49FD5241AFB5DF500791E1A;
			remoteInfo = OAuthSwiftMacOSDemo;
		};
		E7BA748D28F6760800AEEC81 /* PBXContainerItemProxy */ = {
			isa = PBXContainerItemProxy;
			containerPortal = E7BA747728F6760800AEEC81 /* OAuthSwift.xcodeproj */;
			proxyType = 2;
			remoteGlobalIDString = C4D50DF71BFB693F0053B624;
			remoteInfo = OAuthSwiftTests;
		};
		E7BA748F28F6761C00AEEC81 /* PBXContainerItemProxy */ = {
			isa = PBXContainerItemProxy;
			containerPortal = E7BA747728F6760800AEEC81 /* OAuthSwift.xcodeproj */;
			proxyType = 1;
			remoteGlobalIDString = F43502791A6791B200038A29;
			remoteInfo = OAuthSwift;
		};
/* End PBXContainerItemProxy section */

/* Begin PBXFileReference section */
		E7708DC428F543C100E20336 /* FlickerLong.app */ = {isa = PBXFileReference; explicitFileType = wrapper.application; includeInIndex = 0; path = FlickerLong.app; sourceTree = BUILT_PRODUCTS_DIR; };
		E7708DC728F543C100E20336 /* AppDelegate.swift */ = {isa = PBXFileReference; lastKnownFileType = sourcecode.swift; path = AppDelegate.swift; sourceTree = "<group>"; };
		E7708DC928F543C100E20336 /* SceneDelegate.swift */ = {isa = PBXFileReference; lastKnownFileType = sourcecode.swift; path = SceneDelegate.swift; sourceTree = "<group>"; };
		E7708DCB28F543C100E20336 /* OnboardingViewController.swift */ = {isa = PBXFileReference; lastKnownFileType = sourcecode.swift; path = OnboardingViewController.swift; sourceTree = "<group>"; };
		E7708DD128F543C100E20336 /* FlickerLong.xcdatamodel */ = {isa = PBXFileReference; lastKnownFileType = wrapper.xcdatamodel; path = FlickerLong.xcdatamodel; sourceTree = "<group>"; };
		E7708DD328F543C200E20336 /* Assets.xcassets */ = {isa = PBXFileReference; lastKnownFileType = folder.assetcatalog; path = Assets.xcassets; sourceTree = "<group>"; };
		E7708DD628F543C200E20336 /* Base */ = {isa = PBXFileReference; lastKnownFileType = file.storyboard; name = Base; path = Base.lproj/LaunchScreen.storyboard; sourceTree = "<group>"; };
		E7708DD828F543C200E20336 /* Info.plist */ = {isa = PBXFileReference; lastKnownFileType = text.plist.xml; path = Info.plist; sourceTree = "<group>"; };
		E7708DE428F5487100E20336 /* Constant.swift */ = {isa = PBXFileReference; lastKnownFileType = sourcecode.swift; path = Constant.swift; sourceTree = "<group>"; };
		E7708DE728F548BE00E20336 /* OnboardingView.swift */ = {isa = PBXFileReference; lastKnownFileType = sourcecode.swift; path = OnboardingView.swift; sourceTree = "<group>"; };
		E7708DEB28F54D6900E20336 /* BackgroundOnboarding.jpg */ = {isa = PBXFileReference; lastKnownFileType = image.jpeg; path = BackgroundOnboarding.jpg; sourceTree = "<group>"; };
		E7708DED28F550BE00E20336 /* LogoNoBackground.png */ = {isa = PBXFileReference; lastKnownFileType = image.png; path = LogoNoBackground.png; sourceTree = "<group>"; };
		E7708DEF28F550D600E20336 /* Logo.png */ = {isa = PBXFileReference; lastKnownFileType = image.png; path = Logo.png; sourceTree = "<group>"; };
		E7708DF228F5624600E20336 /* UIHelper.swift */ = {isa = PBXFileReference; lastKnownFileType = sourcecode.swift; path = UIHelper.swift; sourceTree = "<group>"; };
		E7708E1E28F5639100E20336 /* Nunito-Medium.ttf */ = {isa = PBXFileReference; lastKnownFileType = file; path = "Nunito-Medium.ttf"; sourceTree = "<group>"; };
		E7708E1F28F5639100E20336 /* Nunito-ExtraBoldItalic.ttf */ = {isa = PBXFileReference; lastKnownFileType = file; path = "Nunito-ExtraBoldItalic.ttf"; sourceTree = "<group>"; };
		E7708E2028F5639100E20336 /* Nunito-ExtraBold.ttf */ = {isa = PBXFileReference; lastKnownFileType = file; path = "Nunito-ExtraBold.ttf"; sourceTree = "<group>"; };
		E7708E2128F5639100E20336 /* Nunito-ExtraLightItalic.ttf */ = {isa = PBXFileReference; lastKnownFileType = file; path = "Nunito-ExtraLightItalic.ttf"; sourceTree = "<group>"; };
		E7708E2228F5639100E20336 /* Nunito-Light.ttf */ = {isa = PBXFileReference; lastKnownFileType = file; path = "Nunito-Light.ttf"; sourceTree = "<group>"; };
		E7708E2328F5639100E20336 /* Nunito-Regular.ttf */ = {isa = PBXFileReference; lastKnownFileType = file; path = "Nunito-Regular.ttf"; sourceTree = "<group>"; };
		E7708E2428F5639100E20336 /* Nunito-SemiBold.ttf */ = {isa = PBXFileReference; lastKnownFileType = file; path = "Nunito-SemiBold.ttf"; sourceTree = "<group>"; };
		E7708E2528F5639100E20336 /* Nunito-Bold.ttf */ = {isa = PBXFileReference; lastKnownFileType = file; path = "Nunito-Bold.ttf"; sourceTree = "<group>"; };
		E7708E2628F5639100E20336 /* Nunito-BoldItalic.ttf */ = {isa = PBXFileReference; lastKnownFileType = file; path = "Nunito-BoldItalic.ttf"; sourceTree = "<group>"; };
		E7708E2728F5639100E20336 /* Nunito-Black.ttf */ = {isa = PBXFileReference; lastKnownFileType = file; path = "Nunito-Black.ttf"; sourceTree = "<group>"; };
		E7708E2828F5639100E20336 /* Nunito-ExtraLight.ttf */ = {isa = PBXFileReference; lastKnownFileType = file; path = "Nunito-ExtraLight.ttf"; sourceTree = "<group>"; };
		E7708E2928F5639100E20336 /* Nunito-SemiBoldItalic.ttf */ = {isa = PBXFileReference; lastKnownFileType = file; path = "Nunito-SemiBoldItalic.ttf"; sourceTree = "<group>"; };
		E7708E2A28F5639100E20336 /* Nunito-BlackItalic.ttf */ = {isa = PBXFileReference; lastKnownFileType = file; path = "Nunito-BlackItalic.ttf"; sourceTree = "<group>"; };
		E7708E2B28F5639100E20336 /* Nunito-Italic.ttf */ = {isa = PBXFileReference; lastKnownFileType = file; path = "Nunito-Italic.ttf"; sourceTree = "<group>"; };
		E7708E2C28F5639100E20336 /* Nunito-LightItalic.ttf */ = {isa = PBXFileReference; lastKnownFileType = file; path = "Nunito-LightItalic.ttf"; sourceTree = "<group>"; };
		E7708E2D28F5639100E20336 /* Nunito-MediumItalic.ttf */ = {isa = PBXFileReference; lastKnownFileType = file; path = "Nunito-MediumItalic.ttf"; sourceTree = "<group>"; };
		E7708E3F28F56BB300E20336 /* ArrowRight.png */ = {isa = PBXFileReference; lastKnownFileType = image.png; path = ArrowRight.png; sourceTree = "<group>"; };
		E7708E6928F57B8700E20336 /* LoginViewController.swift */ = {isa = PBXFileReference; lastKnownFileType = sourcecode.swift; path = LoginViewController.swift; sourceTree = "<group>"; };
		E77A497128F93CA100925FD0 /* UploadViewController.swift */ = {isa = PBXFileReference; lastKnownFileType = sourcecode.swift; path = UploadViewController.swift; sourceTree = "<group>"; };
		E77A497328F93CAE00925FD0 /* ProfileViewController.swift */ = {isa = PBXFileReference; lastKnownFileType = sourcecode.swift; path = ProfileViewController.swift; sourceTree = "<group>"; };
		E77A497528F9457C00925FD0 /* Helper.swift */ = {isa = PBXFileReference; lastKnownFileType = sourcecode.swift; path = Helper.swift; sourceTree = "<group>"; };
		E77A498028FA8A2900925FD0 /* CacheImage.swift */ = {isa = PBXFileReference; lastKnownFileType = sourcecode.swift; path = CacheImage.swift; sourceTree = "<group>"; };
		E77A498928FD310700925FD0 /* InformationView.swift */ = {isa = PBXFileReference; lastKnownFileType = sourcecode.swift; path = InformationView.swift; sourceTree = "<group>"; };
		E77A498D28FD5ED300925FD0 /* PhotoPickerViewController.swift */ = {isa = PBXFileReference; lastKnownFileType = sourcecode.swift; path = PhotoPickerViewController.swift; sourceTree = "<group>"; };
		E77A498F28FD635700925FD0 /* PickerImageCell.swift */ = {isa = PBXFileReference; lastKnownFileType = sourcecode.swift; path = PickerImageCell.swift; sourceTree = "<group>"; };
		E77A499228FD657600925FD0 /* PhotoPickerView.swift */ = {isa = PBXFileReference; lastKnownFileType = sourcecode.swift; path = PhotoPickerView.swift; sourceTree = "<group>"; };
		E77A49A528FFA1C700925FD0 /* PostViewController.swift */ = {isa = PBXFileReference; lastKnownFileType = sourcecode.swift; path = PostViewController.swift; sourceTree = "<group>"; };
		E77A49A728FFA52B00925FD0 /* PostView.swift */ = {isa = PBXFileReference; lastKnownFileType = sourcecode.swift; path = PostView.swift; sourceTree = "<group>"; };
		E77A49A928FFABDE00925FD0 /* LimitCharacterTextField.swift */ = {isa = PBXFileReference; lastKnownFileType = sourcecode.swift; path = LimitCharacterTextField.swift; sourceTree = "<group>"; };
		E7BA747728F6760800AEEC81 /* OAuthSwift.xcodeproj */ = {isa = PBXFileReference; lastKnownFileType = "wrapper.pb-project"; name = OAuthSwift.xcodeproj; path = "../../../../Downloads/OAuthSwift-master-2/OAuthSwift.xcodeproj"; sourceTree = "<group>"; };
		E7BA749228F6787800AEEC81 /* OAuthAuthorization.swift */ = {isa = PBXFileReference; lastKnownFileType = sourcecode.swift; path = OAuthAuthorization.swift; sourceTree = "<group>"; };
		E7BA749428F67D5A00AEEC81 /* LoginView.swift */ = {isa = PBXFileReference; lastKnownFileType = sourcecode.swift; path = LoginView.swift; sourceTree = "<group>"; };
		E7BA749E28F6B9A400AEEC81 /* HomeViewController.swift */ = {isa = PBXFileReference; lastKnownFileType = sourcecode.swift; path = HomeViewController.swift; sourceTree = "<group>"; };
		E7BA74A028F6B9CB00AEEC81 /* HomeView.swift */ = {isa = PBXFileReference; lastKnownFileType = sourcecode.swift; path = HomeView.swift; sourceTree = "<group>"; };
		E7BA74A228F6BA5C00AEEC81 /* GenericCollectionView.swift */ = {isa = PBXFileReference; lastKnownFileType = sourcecode.swift; path = GenericCollectionView.swift; sourceTree = "<group>"; };
		E7BA74A428F6C21400AEEC81 /* PopularCell.swift */ = {isa = PBXFileReference; lastKnownFileType = sourcecode.swift; path = PopularCell.swift; sourceTree = "<group>"; };
		E7BA74A728F7B74700AEEC81 /* FlickerAPI.swift */ = {isa = PBXFileReference; lastKnownFileType = sourcecode.swift; path = FlickerAPI.swift; sourceTree = "<group>"; };
		E7BA74A928F7C6A100AEEC81 /* RecentData.swift */ = {isa = PBXFileReference; lastKnownFileType = sourcecode.swift; path = RecentData.swift; sourceTree = "<group>"; };
		E7BA74AB28F7C6AF00AEEC81 /* Photos.swift */ = {isa = PBXFileReference; lastKnownFileType = sourcecode.swift; path = Photos.swift; sourceTree = "<group>"; };
		E7BA74AD28F7C6B800AEEC81 /* Photo.swift */ = {isa = PBXFileReference; lastKnownFileType = sourcecode.swift; path = Photo.swift; sourceTree = "<group>"; };
		E7BA74AF28F7C75A00AEEC81 /* JSONSchemaSupport.swift */ = {isa = PBXFileReference; lastKnownFileType = sourcecode.swift; path = JSONSchemaSupport.swift; sourceTree = "<group>"; };
		E7BA74B128F7CDB700AEEC81 /* Views.swift */ = {isa = PBXFileReference; lastKnownFileType = sourcecode.swift; path = Views.swift; sourceTree = "<group>"; };
		E7BA74B328F7CE8600AEEC81 /* HomeViewModel.swift */ = {isa = PBXFileReference; lastKnownFileType = sourcecode.swift; path = HomeViewModel.swift; sourceTree = "<group>"; };
		E7BA74B528F7CEA000AEEC81 /* ViewModel.swift */ = {isa = PBXFileReference; lastKnownFileType = sourcecode.swift; path = ViewModel.swift; sourceTree = "<group>"; };
		E7BA74BB28F7F4AC00AEEC81 /* PhotoView.swift */ = {isa = PBXFileReference; lastKnownFileType = sourcecode.swift; path = PhotoView.swift; sourceTree = "<group>"; };
		E7BA74BD28F9216600AEEC81 /* Repository.swift */ = {isa = PBXFileReference; lastKnownFileType = sourcecode.swift; path = Repository.swift; sourceTree = "<group>"; };
/* End PBXFileReference section */

/* Begin PBXFrameworksBuildPhase section */
		E7708DC128F543C100E20336 /* Frameworks */ = {
			isa = PBXFrameworksBuildPhase;
			buildActionMask = 2147483647;
			files = (
			);
			runOnlyForDeploymentPostprocessing = 0;
		};
/* End PBXFrameworksBuildPhase section */

/* Begin PBXGroup section */
		E7708DBB28F543C100E20336 = {
			isa = PBXGroup;
			children = (
				E7BA747728F6760800AEEC81 /* OAuthSwift.xcodeproj */,
				E7708DC628F543C100E20336 /* FlickerLong */,
				E7708DC528F543C100E20336 /* Products */,
			);
			sourceTree = "<group>";
		};
		E7708DC528F543C100E20336 /* Products */ = {
			isa = PBXGroup;
			children = (
				E7708DC428F543C100E20336 /* FlickerLong.app */,
			);
			name = Products;
			sourceTree = "<group>";
		};
		E7708DC628F543C100E20336 /* FlickerLong */ = {
			isa = PBXGroup;
			children = (
				E7708DC728F543C100E20336 /* AppDelegate.swift */,
				E7708DC928F543C100E20336 /* SceneDelegate.swift */,
				E7BA749128F6785C00AEEC81 /* Network */,
				E7708DE928F54D4200E20336 /* Resource */,
				E7708DE328F5485C00E20336 /* Global */,
				E7BA74A628F6C90E00AEEC81 /* Generic */,
				E7708DE228F5484000E20336 /* Database */,
				E7708DE128F5483700E20336 /* Repository */,
				E7708DDE28F5480400E20336 /* Models */,
				E7708DDF28F5480E00E20336 /* ViewModels */,
				E7708DE028F5483100E20336 /* Views */,
				E7708DD328F543C200E20336 /* Assets.xcassets */,
				E7708DD528F543C200E20336 /* LaunchScreen.storyboard */,
				E7708DD828F543C200E20336 /* Info.plist */,
				E7708DD028F543C100E20336 /* FlickerLong.xcdatamodeld */,
			);
			path = FlickerLong;
			sourceTree = "<group>";
		};
		E7708DDE28F5480400E20336 /* Models */ = {
			isa = PBXGroup;
			children = (
				E7BA74BA28F7F49800AEEC81 /* App */,
				E7BA74B928F7F48D00AEEC81 /* API */,
			);
			path = Models;
			sourceTree = "<group>";
		};
		E7708DDF28F5480E00E20336 /* ViewModels */ = {
			isa = PBXGroup;
			children = (
				E7BA74B328F7CE8600AEEC81 /* HomeViewModel.swift */,
				E7BA74B528F7CEA000AEEC81 /* ViewModel.swift */,
			);
			path = ViewModels;
			sourceTree = "<group>";
		};
		E7708DE028F5483100E20336 /* Views */ = {
			isa = PBXGroup;
			children = (
				E77A497928FA8A0E00925FD0 /* CustomView */,
				E77A496F28F93C7300925FD0 /* Profile */,
				E77A496828F93C6E00925FD0 /* Upload */,
				E7BA749D28F6B99000AEEC81 /* Home */,
				E7708E6828F57B2000E20336 /* Login */,
				E7708DE628F5488A00E20336 /* Onboarding */,
				E7BA74B128F7CDB700AEEC81 /* Views.swift */,
			);
			path = Views;
			sourceTree = "<group>";
		};
		E7708DE128F5483700E20336 /* Repository */ = {
			isa = PBXGroup;
			children = (
				E7BA74BD28F9216600AEEC81 /* Repository.swift */,
			);
			path = Repository;
			sourceTree = "<group>";
		};
		E7708DE228F5484000E20336 /* Database */ = {
			isa = PBXGroup;
			children = (
			);
			path = Database;
			sourceTree = "<group>";
		};
		E7708DE328F5485C00E20336 /* Global */ = {
			isa = PBXGroup;
			children = (
				E7708DE428F5487100E20336 /* Constant.swift */,
				E7708DF228F5624600E20336 /* UIHelper.swift */,
				E77A497528F9457C00925FD0 /* Helper.swift */,
				E7BA74AF28F7C75A00AEEC81 /* JSONSchemaSupport.swift */,
			);
			path = Global;
			sourceTree = "<group>";
		};
		E7708DE628F5488A00E20336 /* Onboarding */ = {
			isa = PBXGroup;
			children = (
				E7708DCB28F543C100E20336 /* OnboardingViewController.swift */,
				E7708DE728F548BE00E20336 /* OnboardingView.swift */,
			);
			path = Onboarding;
			sourceTree = "<group>";
		};
		E7708DE928F54D4200E20336 /* Resource */ = {
			isa = PBXGroup;
			children = (
				E7708DF128F5622400E20336 /* Font */,
				E7708DEA28F54D5700E20336 /* Images */,
			);
			path = Resource;
			sourceTree = "<group>";
		};
		E7708DEA28F54D5700E20336 /* Images */ = {
			isa = PBXGroup;
			children = (
				E7708E3E28F56B1400E20336 /* Symbol */,
				E7708DEF28F550D600E20336 /* Logo.png */,
				E7708DED28F550BE00E20336 /* LogoNoBackground.png */,
				E7708DEB28F54D6900E20336 /* BackgroundOnboarding.jpg */,
			);
			path = Images;
			sourceTree = "<group>";
		};
		E7708DF128F5622400E20336 /* Font */ = {
			isa = PBXGroup;
			children = (
				E7708E1D28F5639100E20336 /* Nunito */,
			);
			path = Font;
			sourceTree = "<group>";
		};
		E7708E1D28F5639100E20336 /* Nunito */ = {
			isa = PBXGroup;
			children = (
				E7708E1E28F5639100E20336 /* Nunito-Medium.ttf */,
				E7708E1F28F5639100E20336 /* Nunito-ExtraBoldItalic.ttf */,
				E7708E2028F5639100E20336 /* Nunito-ExtraBold.ttf */,
				E7708E2128F5639100E20336 /* Nunito-ExtraLightItalic.ttf */,
				E7708E2228F5639100E20336 /* Nunito-Light.ttf */,
				E7708E2328F5639100E20336 /* Nunito-Regular.ttf */,
				E7708E2428F5639100E20336 /* Nunito-SemiBold.ttf */,
				E7708E2528F5639100E20336 /* Nunito-Bold.ttf */,
				E7708E2628F5639100E20336 /* Nunito-BoldItalic.ttf */,
				E7708E2728F5639100E20336 /* Nunito-Black.ttf */,
				E7708E2828F5639100E20336 /* Nunito-ExtraLight.ttf */,
				E7708E2928F5639100E20336 /* Nunito-SemiBoldItalic.ttf */,
				E7708E2A28F5639100E20336 /* Nunito-BlackItalic.ttf */,
				E7708E2B28F5639100E20336 /* Nunito-Italic.ttf */,
				E7708E2C28F5639100E20336 /* Nunito-LightItalic.ttf */,
				E7708E2D28F5639100E20336 /* Nunito-MediumItalic.ttf */,
			);
			path = Nunito;
			sourceTree = "<group>";
		};
		E7708E3E28F56B1400E20336 /* Symbol */ = {
			isa = PBXGroup;
			children = (
				E7708E3F28F56BB300E20336 /* ArrowRight.png */,
			);
			path = Symbol;
			sourceTree = "<group>";
		};
		E7708E6828F57B2000E20336 /* Login */ = {
			isa = PBXGroup;
			children = (
				E7708E6928F57B8700E20336 /* LoginViewController.swift */,
				E7BA749428F67D5A00AEEC81 /* LoginView.swift */,
			);
			path = Login;
			sourceTree = "<group>";
		};
		E77A496828F93C6E00925FD0 /* Upload */ = {
			isa = PBXGroup;
			children = (
				E77A499E28FFA09800925FD0 /* Post */,
				E77A499128FD652F00925FD0 /* PhotoPicker */,
				E77A497128F93CA100925FD0 /* UploadViewController.swift */,
				E77A498F28FD635700925FD0 /* PickerImageCell.swift */,
			);
			path = Upload;
			sourceTree = "<group>";
		};
		E77A496F28F93C7300925FD0 /* Profile */ = {
			isa = PBXGroup;
			children = (
				E77A497328F93CAE00925FD0 /* ProfileViewController.swift */,
			);
			path = Profile;
			sourceTree = "<group>";
		};
		E77A497928FA8A0E00925FD0 /* CustomView */ = {
			isa = PBXGroup;
			children = (
				E77A498028FA8A2900925FD0 /* CacheImage.swift */,
				E77A498928FD310700925FD0 /* InformationView.swift */,
				E77A49A928FFABDE00925FD0 /* LimitCharacterTextField.swift */,
			);
			path = CustomView;
			sourceTree = "<group>";
		};
		E77A499128FD652F00925FD0 /* PhotoPicker */ = {
			isa = PBXGroup;
			children = (
				E77A498D28FD5ED300925FD0 /* PhotoPickerViewController.swift */,
				E77A499228FD657600925FD0 /* PhotoPickerView.swift */,
			);
			path = PhotoPicker;
			sourceTree = "<group>";
		};
		E77A499E28FFA09800925FD0 /* Post */ = {
			isa = PBXGroup;
			children = (
				E77A49A528FFA1C700925FD0 /* PostViewController.swift */,
				E77A49A728FFA52B00925FD0 /* PostView.swift */,
			);
			path = Post;
			sourceTree = "<group>";
		};
		E7BA747828F6760800AEEC81 /* Products */ = {
			isa = PBXGroup;
			children = (
				E7BA748228F6760800AEEC81 /* OAuthSwift.framework */,
				E7BA748428F6760800AEEC81 /* OAuthSwift.framework */,
				E7BA748628F6760800AEEC81 /* OAuthSwift.framework */,
				E7BA748828F6760800AEEC81 /* OAuthSwift.framework */,
				E7BA748A28F6760800AEEC81 /* OAuthSwiftDemo.app */,
				E7BA748C28F6760800AEEC81 /* OAuthSwiftMacOSDemo.app */,
				E7BA748E28F6760800AEEC81 /* OAuthSwiftTests.xctest */,
			);
			name = Products;
			sourceTree = "<group>";
		};
		E7BA749128F6785C00AEEC81 /* Network */ = {
			isa = PBXGroup;
			children = (
				E7BA749228F6787800AEEC81 /* OAuthAuthorization.swift */,
				E7BA74A728F7B74700AEEC81 /* FlickerAPI.swift */,
			);
			path = Network;
			sourceTree = "<group>";
		};
		E7BA749D28F6B99000AEEC81 /* Home */ = {
			isa = PBXGroup;
			children = (
				E7BA749E28F6B9A400AEEC81 /* HomeViewController.swift */,
				E7BA74A028F6B9CB00AEEC81 /* HomeView.swift */,
				E7BA74A428F6C21400AEEC81 /* PopularCell.swift */,
			);
			path = Home;
			sourceTree = "<group>";
		};
		E7BA74A628F6C90E00AEEC81 /* Generic */ = {
			isa = PBXGroup;
			children = (
				E7BA74A228F6BA5C00AEEC81 /* GenericCollectionView.swift */,
			);
			path = Generic;
			sourceTree = "<group>";
		};
		E7BA74B928F7F48D00AEEC81 /* API */ = {
			isa = PBXGroup;
			children = (
				E7BA74A928F7C6A100AEEC81 /* RecentData.swift */,
				E7BA74AB28F7C6AF00AEEC81 /* Photos.swift */,
				E7BA74AD28F7C6B800AEEC81 /* Photo.swift */,
			);
			path = API;
			sourceTree = "<group>";
		};
		E7BA74BA28F7F49800AEEC81 /* App */ = {
			isa = PBXGroup;
			children = (
				E7BA74BB28F7F4AC00AEEC81 /* PhotoView.swift */,
			);
			path = App;
			sourceTree = "<group>";
		};
/* End PBXGroup section */

/* Begin PBXNativeTarget section */
		E7708DC328F543C100E20336 /* FlickerLong */ = {
			isa = PBXNativeTarget;
			buildConfigurationList = E7708DDB28F543C200E20336 /* Build configuration list for PBXNativeTarget "FlickerLong" */;
			buildPhases = (
				E7708DC028F543C100E20336 /* Sources */,
				E7708DC128F543C100E20336 /* Frameworks */,
				E7708DC228F543C100E20336 /* Resources */,
			);
			buildRules = (
			);
			dependencies = (
				E7BA749028F6761C00AEEC81 /* PBXTargetDependency */,
			);
			name = FlickerLong;
			productName = FlickerLong;
			productReference = E7708DC428F543C100E20336 /* FlickerLong.app */;
			productType = "com.apple.product-type.application";
		};
/* End PBXNativeTarget section */

/* Begin PBXProject section */
		E7708DBC28F543C100E20336 /* Project object */ = {
			isa = PBXProject;
			attributes = {
				BuildIndependentTargetsInParallel = 1;
				LastSwiftUpdateCheck = 1400;
				LastUpgradeCheck = 1400;
				TargetAttributes = {
					E7708DC328F543C100E20336 = {
						CreatedOnToolsVersion = 14.0.1;
					};
				};
			};
			buildConfigurationList = E7708DBF28F543C100E20336 /* Build configuration list for PBXProject "FlickerLong" */;
			compatibilityVersion = "Xcode 14.0";
			developmentRegion = en;
			hasScannedForEncodings = 0;
			knownRegions = (
				en,
				Base,
			);
			mainGroup = E7708DBB28F543C100E20336;
			productRefGroup = E7708DC528F543C100E20336 /* Products */;
			projectDirPath = "";
			projectReferences = (
				{
					ProductGroup = E7BA747828F6760800AEEC81 /* Products */;
					ProjectRef = E7BA747728F6760800AEEC81 /* OAuthSwift.xcodeproj */;
				},
			);
			projectRoot = "";
			targets = (
				E7708DC328F543C100E20336 /* FlickerLong */,
			);
		};
/* End PBXProject section */

/* Begin PBXReferenceProxy section */
		E7BA748228F6760800AEEC81 /* OAuthSwift.framework */ = {
			isa = PBXReferenceProxy;
			fileType = wrapper.framework;
			path = OAuthSwift.framework;
			remoteRef = E7BA748128F6760800AEEC81 /* PBXContainerItemProxy */;
			sourceTree = BUILT_PRODUCTS_DIR;
		};
		E7BA748428F6760800AEEC81 /* OAuthSwift.framework */ = {
			isa = PBXReferenceProxy;
			fileType = wrapper.framework;
			path = OAuthSwift.framework;
			remoteRef = E7BA748328F6760800AEEC81 /* PBXContainerItemProxy */;
			sourceTree = BUILT_PRODUCTS_DIR;
		};
		E7BA748628F6760800AEEC81 /* OAuthSwift.framework */ = {
			isa = PBXReferenceProxy;
			fileType = wrapper.framework;
			path = OAuthSwift.framework;
			remoteRef = E7BA748528F6760800AEEC81 /* PBXContainerItemProxy */;
			sourceTree = BUILT_PRODUCTS_DIR;
		};
		E7BA748828F6760800AEEC81 /* OAuthSwift.framework */ = {
			isa = PBXReferenceProxy;
			fileType = wrapper.framework;
			path = OAuthSwift.framework;
			remoteRef = E7BA748728F6760800AEEC81 /* PBXContainerItemProxy */;
			sourceTree = BUILT_PRODUCTS_DIR;
		};
		E7BA748A28F6760800AEEC81 /* OAuthSwiftDemo.app */ = {
			isa = PBXReferenceProxy;
			fileType = wrapper.application;
			path = OAuthSwiftDemo.app;
			remoteRef = E7BA748928F6760800AEEC81 /* PBXContainerItemProxy */;
			sourceTree = BUILT_PRODUCTS_DIR;
		};
		E7BA748C28F6760800AEEC81 /* OAuthSwiftMacOSDemo.app */ = {
			isa = PBXReferenceProxy;
			fileType = wrapper.application;
			path = OAuthSwiftMacOSDemo.app;
			remoteRef = E7BA748B28F6760800AEEC81 /* PBXContainerItemProxy */;
			sourceTree = BUILT_PRODUCTS_DIR;
		};
		E7BA748E28F6760800AEEC81 /* OAuthSwiftTests.xctest */ = {
			isa = PBXReferenceProxy;
			fileType = wrapper.cfbundle;
			path = OAuthSwiftTests.xctest;
			remoteRef = E7BA748D28F6760800AEEC81 /* PBXContainerItemProxy */;
			sourceTree = BUILT_PRODUCTS_DIR;
		};
/* End PBXReferenceProxy section */

/* Begin PBXResourcesBuildPhase section */
		E7708DC228F543C100E20336 /* Resources */ = {
			isa = PBXResourcesBuildPhase;
			buildActionMask = 2147483647;
			files = (
				E7708E3928F5639100E20336 /* Nunito-SemiBoldItalic.ttf in Resources */,
				E7708E3A28F5639100E20336 /* Nunito-BlackItalic.ttf in Resources */,
				E7708E4028F56BB300E20336 /* ArrowRight.png in Resources */,
				E7708E3428F5639100E20336 /* Nunito-SemiBold.ttf in Resources */,
				E7708E3328F5639100E20336 /* Nunito-Regular.ttf in Resources */,
				E7708E3628F5639100E20336 /* Nunito-BoldItalic.ttf in Resources */,
				E7708E3528F5639100E20336 /* Nunito-Bold.ttf in Resources */,
				E7708DD728F543C200E20336 /* LaunchScreen.storyboard in Resources */,
				E7708E3128F5639100E20336 /* Nunito-ExtraLightItalic.ttf in Resources */,
				E7708DEC28F54D6900E20336 /* BackgroundOnboarding.jpg in Resources */,
				E7708E3D28F5639100E20336 /* Nunito-MediumItalic.ttf in Resources */,
				E7708E3828F5639100E20336 /* Nunito-ExtraLight.ttf in Resources */,
				E7708E2E28F5639100E20336 /* Nunito-Medium.ttf in Resources */,
				E7708DF028F550D600E20336 /* Logo.png in Resources */,
				E7708DEE28F550BE00E20336 /* LogoNoBackground.png in Resources */,
				E7708E3228F5639100E20336 /* Nunito-Light.ttf in Resources */,
				E7708E3728F5639100E20336 /* Nunito-Black.ttf in Resources */,
				E7708E2F28F5639100E20336 /* Nunito-ExtraBoldItalic.ttf in Resources */,
				E7708DD428F543C200E20336 /* Assets.xcassets in Resources */,
				E7708E3028F5639100E20336 /* Nunito-ExtraBold.ttf in Resources */,
				E7708E3C28F5639100E20336 /* Nunito-LightItalic.ttf in Resources */,
				E7708E3B28F5639100E20336 /* Nunito-Italic.ttf in Resources */,
			);
			runOnlyForDeploymentPostprocessing = 0;
		};
/* End PBXResourcesBuildPhase section */

/* Begin PBXSourcesBuildPhase section */
		E7708DC028F543C100E20336 /* Sources */ = {
			isa = PBXSourcesBuildPhase;
			buildActionMask = 2147483647;
			files = (
				E7708DD228F543C100E20336 /* FlickerLong.xcdatamodeld in Sources */,
				E7708DCC28F543C100E20336 /* OnboardingViewController.swift in Sources */,
				E77A49AA28FFABDE00925FD0 /* LimitCharacterTextField.swift in Sources */,
				E7708DE528F5487100E20336 /* Constant.swift in Sources */,
				E7708DE828F548BE00E20336 /* OnboardingView.swift in Sources */,
				E7BA749328F6787800AEEC81 /* OAuthAuthorization.swift in Sources */,
				E77A498E28FD5ED300925FD0 /* PhotoPickerViewController.swift in Sources */,
				E77A497628F9457C00925FD0 /* Helper.swift in Sources */,
				E7708E6A28F57B8700E20336 /* LoginViewController.swift in Sources */,
				E7BA74AA28F7C6A100AEEC81 /* RecentData.swift in Sources */,
				E7BA74A328F6BA5C00AEEC81 /* GenericCollectionView.swift in Sources */,
				E77A498A28FD310700925FD0 /* InformationView.swift in Sources */,
				E7BA74B228F7CDB700AEEC81 /* Views.swift in Sources */,
				E77A498128FA8A2900925FD0 /* CacheImage.swift in Sources */,
				E7BA74B028F7C75A00AEEC81 /* JSONSchemaSupport.swift in Sources */,
				E77A497428F93CAE00925FD0 /* ProfileViewController.swift in Sources */,
				E7708DC828F543C100E20336 /* AppDelegate.swift in Sources */,
				E77A497228F93CA100925FD0 /* UploadViewController.swift in Sources */,
				E7BA74BE28F9216600AEEC81 /* Repository.swift in Sources */,
				E7BA74BC28F7F4AC00AEEC81 /* PhotoView.swift in Sources */,
				E77A499328FD657600925FD0 /* PhotoPickerView.swift in Sources */,
				E7BA749F28F6B9A400AEEC81 /* HomeViewController.swift in Sources */,
				E77A49A628FFA1C700925FD0 /* PostViewController.swift in Sources */,
				E7708DCA28F543C100E20336 /* SceneDelegate.swift in Sources */,
				E7BA74A128F6B9CB00AEEC81 /* HomeView.swift in Sources */,
				E7BA74AE28F7C6B800AEEC81 /* Photo.swift in Sources */,
				E7BA74AC28F7C6AF00AEEC81 /* Photos.swift in Sources */,
				E77A49A828FFA52B00925FD0 /* PostView.swift in Sources */,
				E7BA749528F67D5A00AEEC81 /* LoginView.swift in Sources */,
				E7708DF328F5624700E20336 /* UIHelper.swift in Sources */,
				E7BA74B628F7CEA000AEEC81 /* ViewModel.swift in Sources */,
				E7BA74B428F7CE8600AEEC81 /* HomeViewModel.swift in Sources */,
				E77A499028FD635700925FD0 /* PickerImageCell.swift in Sources */,
				E7BA74A528F6C21400AEEC81 /* PopularCell.swift in Sources */,
				E7BA74A828F7B74700AEEC81 /* FlickerAPI.swift in Sources */,
			);
			runOnlyForDeploymentPostprocessing = 0;
		};
/* End PBXSourcesBuildPhase section */

/* Begin PBXTargetDependency section */
		E7BA749028F6761C00AEEC81 /* PBXTargetDependency */ = {
			isa = PBXTargetDependency;
			name = OAuthSwift;
			targetProxy = E7BA748F28F6761C00AEEC81 /* PBXContainerItemProxy */;
		};
/* End PBXTargetDependency section */

/* Begin PBXVariantGroup section */
		E7708DD528F543C200E20336 /* LaunchScreen.storyboard */ = {
			isa = PBXVariantGroup;
			children = (
				E7708DD628F543C200E20336 /* Base */,
			);
			name = LaunchScreen.storyboard;
			sourceTree = "<group>";
		};
/* End PBXVariantGroup section */

/* Begin XCBuildConfiguration section */
		E7708DD928F543C200E20336 /* Debug */ = {
			isa = XCBuildConfiguration;
			buildSettings = {
				ALWAYS_SEARCH_USER_PATHS = NO;
				CLANG_ANALYZER_NONNULL = YES;
				CLANG_ANALYZER_NUMBER_OBJECT_CONVERSION = YES_AGGRESSIVE;
				CLANG_CXX_LANGUAGE_STANDARD = "gnu++20";
				CLANG_ENABLE_MODULES = YES;
				CLANG_ENABLE_OBJC_ARC = YES;
				CLANG_ENABLE_OBJC_WEAK = YES;
				CLANG_WARN_BLOCK_CAPTURE_AUTORELEASING = YES;
				CLANG_WARN_BOOL_CONVERSION = YES;
				CLANG_WARN_COMMA = YES;
				CLANG_WARN_CONSTANT_CONVERSION = YES;
				CLANG_WARN_DEPRECATED_OBJC_IMPLEMENTATIONS = YES;
				CLANG_WARN_DIRECT_OBJC_ISA_USAGE = YES_ERROR;
				CLANG_WARN_DOCUMENTATION_COMMENTS = YES;
				CLANG_WARN_EMPTY_BODY = YES;
				CLANG_WARN_ENUM_CONVERSION = YES;
				CLANG_WARN_INFINITE_RECURSION = YES;
				CLANG_WARN_INT_CONVERSION = YES;
				CLANG_WARN_NON_LITERAL_NULL_CONVERSION = YES;
				CLANG_WARN_OBJC_IMPLICIT_RETAIN_SELF = YES;
				CLANG_WARN_OBJC_LITERAL_CONVERSION = YES;
				CLANG_WARN_OBJC_ROOT_CLASS = YES_ERROR;
				CLANG_WARN_QUOTED_INCLUDE_IN_FRAMEWORK_HEADER = YES;
				CLANG_WARN_RANGE_LOOP_ANALYSIS = YES;
				CLANG_WARN_STRICT_PROTOTYPES = YES;
				CLANG_WARN_SUSPICIOUS_MOVE = YES;
				CLANG_WARN_UNGUARDED_AVAILABILITY = YES_AGGRESSIVE;
				CLANG_WARN_UNREACHABLE_CODE = YES;
				CLANG_WARN__DUPLICATE_METHOD_MATCH = YES;
				COPY_PHASE_STRIP = NO;
				DEBUG_INFORMATION_FORMAT = dwarf;
				ENABLE_STRICT_OBJC_MSGSEND = YES;
				ENABLE_TESTABILITY = YES;
				GCC_C_LANGUAGE_STANDARD = gnu11;
				GCC_DYNAMIC_NO_PIC = NO;
				GCC_NO_COMMON_BLOCKS = YES;
				GCC_OPTIMIZATION_LEVEL = 0;
				GCC_PREPROCESSOR_DEFINITIONS = (
					"DEBUG=1",
					"$(inherited)",
				);
				GCC_WARN_64_TO_32_BIT_CONVERSION = YES;
				GCC_WARN_ABOUT_RETURN_TYPE = YES_ERROR;
				GCC_WARN_UNDECLARED_SELECTOR = YES;
				GCC_WARN_UNINITIALIZED_AUTOS = YES_AGGRESSIVE;
				GCC_WARN_UNUSED_FUNCTION = YES;
				GCC_WARN_UNUSED_VARIABLE = YES;
				IPHONEOS_DEPLOYMENT_TARGET = 12.0;
				MTL_ENABLE_DEBUG_INFO = INCLUDE_SOURCE;
				MTL_FAST_MATH = YES;
				ONLY_ACTIVE_ARCH = YES;
				SDKROOT = iphoneos;
				SWIFT_ACTIVE_COMPILATION_CONDITIONS = DEBUG;
				SWIFT_OPTIMIZATION_LEVEL = "-Onone";
			};
			name = Debug;
		};
		E7708DDA28F543C200E20336 /* Release */ = {
			isa = XCBuildConfiguration;
			buildSettings = {
				ALWAYS_SEARCH_USER_PATHS = NO;
				CLANG_ANALYZER_NONNULL = YES;
				CLANG_ANALYZER_NUMBER_OBJECT_CONVERSION = YES_AGGRESSIVE;
				CLANG_CXX_LANGUAGE_STANDARD = "gnu++20";
				CLANG_ENABLE_MODULES = YES;
				CLANG_ENABLE_OBJC_ARC = YES;
				CLANG_ENABLE_OBJC_WEAK = YES;
				CLANG_WARN_BLOCK_CAPTURE_AUTORELEASING = YES;
				CLANG_WARN_BOOL_CONVERSION = YES;
				CLANG_WARN_COMMA = YES;
				CLANG_WARN_CONSTANT_CONVERSION = YES;
				CLANG_WARN_DEPRECATED_OBJC_IMPLEMENTATIONS = YES;
				CLANG_WARN_DIRECT_OBJC_ISA_USAGE = YES_ERROR;
				CLANG_WARN_DOCUMENTATION_COMMENTS = YES;
				CLANG_WARN_EMPTY_BODY = YES;
				CLANG_WARN_ENUM_CONVERSION = YES;
				CLANG_WARN_INFINITE_RECURSION = YES;
				CLANG_WARN_INT_CONVERSION = YES;
				CLANG_WARN_NON_LITERAL_NULL_CONVERSION = YES;
				CLANG_WARN_OBJC_IMPLICIT_RETAIN_SELF = YES;
				CLANG_WARN_OBJC_LITERAL_CONVERSION = YES;
				CLANG_WARN_OBJC_ROOT_CLASS = YES_ERROR;
				CLANG_WARN_QUOTED_INCLUDE_IN_FRAMEWORK_HEADER = YES;
				CLANG_WARN_RANGE_LOOP_ANALYSIS = YES;
				CLANG_WARN_STRICT_PROTOTYPES = YES;
				CLANG_WARN_SUSPICIOUS_MOVE = YES;
				CLANG_WARN_UNGUARDED_AVAILABILITY = YES_AGGRESSIVE;
				CLANG_WARN_UNREACHABLE_CODE = YES;
				CLANG_WARN__DUPLICATE_METHOD_MATCH = YES;
				COPY_PHASE_STRIP = NO;
				DEBUG_INFORMATION_FORMAT = "dwarf-with-dsym";
				ENABLE_NS_ASSERTIONS = NO;
				ENABLE_STRICT_OBJC_MSGSEND = YES;
				GCC_C_LANGUAGE_STANDARD = gnu11;
				GCC_NO_COMMON_BLOCKS = YES;
				GCC_WARN_64_TO_32_BIT_CONVERSION = YES;
				GCC_WARN_ABOUT_RETURN_TYPE = YES_ERROR;
				GCC_WARN_UNDECLARED_SELECTOR = YES;
				GCC_WARN_UNINITIALIZED_AUTOS = YES_AGGRESSIVE;
				GCC_WARN_UNUSED_FUNCTION = YES;
				GCC_WARN_UNUSED_VARIABLE = YES;
				IPHONEOS_DEPLOYMENT_TARGET = 12.0;
				MTL_ENABLE_DEBUG_INFO = NO;
				MTL_FAST_MATH = YES;
				SDKROOT = iphoneos;
				SWIFT_COMPILATION_MODE = wholemodule;
				SWIFT_OPTIMIZATION_LEVEL = "-O";
				VALIDATE_PRODUCT = YES;
			};
			name = Release;
		};
		E7708DDC28F543C200E20336 /* Debug */ = {
			isa = XCBuildConfiguration;
			buildSettings = {
				ASSETCATALOG_COMPILER_APPICON_NAME = AppIcon;
				ASSETCATALOG_COMPILER_GLOBAL_ACCENT_COLOR_NAME = AccentColor;
				CODE_SIGN_STYLE = Automatic;
				CURRENT_PROJECT_VERSION = 1;
				DEVELOPMENT_TEAM = TQDRD368XZ;
				GENERATE_INFOPLIST_FILE = YES;
				INFOPLIST_FILE = FlickerLong/Info.plist;
				INFOPLIST_KEY_UIApplicationSupportsIndirectInputEvents = YES;
				INFOPLIST_KEY_UILaunchStoryboardName = LaunchScreen;
				INFOPLIST_KEY_UISupportedInterfaceOrientations_iPad = "UIInterfaceOrientationPortrait UIInterfaceOrientationPortraitUpsideDown UIInterfaceOrientationLandscapeLeft UIInterfaceOrientationLandscapeRight";
				INFOPLIST_KEY_UISupportedInterfaceOrientations_iPhone = "UIInterfaceOrientationPortrait UIInterfaceOrientationLandscapeLeft UIInterfaceOrientationLandscapeRight";
				IPHONEOS_DEPLOYMENT_TARGET = 12.0;
				LD_RUNPATH_SEARCH_PATHS = (
					"$(inherited)",
					"@executable_path/Frameworks",
				);
				MARKETING_VERSION = 1.0;
				PRODUCT_BUNDLE_IDENTIFIER = "Long-Thien.FlickerLong";
				PRODUCT_NAME = "$(TARGET_NAME)";
				SWIFT_EMIT_LOC_STRINGS = YES;
				SWIFT_VERSION = 5.0;
				TARGETED_DEVICE_FAMILY = "1,2";
			};
			name = Debug;
		};
		E7708DDD28F543C200E20336 /* Release */ = {
			isa = XCBuildConfiguration;
			buildSettings = {
				ASSETCATALOG_COMPILER_APPICON_NAME = AppIcon;
				ASSETCATALOG_COMPILER_GLOBAL_ACCENT_COLOR_NAME = AccentColor;
				CODE_SIGN_STYLE = Automatic;
				CURRENT_PROJECT_VERSION = 1;
				DEVELOPMENT_TEAM = TQDRD368XZ;
				GENERATE_INFOPLIST_FILE = YES;
				INFOPLIST_FILE = FlickerLong/Info.plist;
				INFOPLIST_KEY_UIApplicationSupportsIndirectInputEvents = YES;
				INFOPLIST_KEY_UILaunchStoryboardName = LaunchScreen;
				INFOPLIST_KEY_UISupportedInterfaceOrientations_iPad = "UIInterfaceOrientationPortrait UIInterfaceOrientationPortraitUpsideDown UIInterfaceOrientationLandscapeLeft UIInterfaceOrientationLandscapeRight";
				INFOPLIST_KEY_UISupportedInterfaceOrientations_iPhone = "UIInterfaceOrientationPortrait UIInterfaceOrientationLandscapeLeft UIInterfaceOrientationLandscapeRight";
				IPHONEOS_DEPLOYMENT_TARGET = 12.0;
				LD_RUNPATH_SEARCH_PATHS = (
					"$(inherited)",
					"@executable_path/Frameworks",
				);
				MARKETING_VERSION = 1.0;
				PRODUCT_BUNDLE_IDENTIFIER = "Long-Thien.FlickerLong";
				PRODUCT_NAME = "$(TARGET_NAME)";
				SWIFT_EMIT_LOC_STRINGS = YES;
				SWIFT_VERSION = 5.0;
				TARGETED_DEVICE_FAMILY = "1,2";
			};
			name = Release;
		};
/* End XCBuildConfiguration section */

/* Begin XCConfigurationList section */
		E7708DBF28F543C100E20336 /* Build configuration list for PBXProject "FlickerLong" */ = {
			isa = XCConfigurationList;
			buildConfigurations = (
				E7708DD928F543C200E20336 /* Debug */,
				E7708DDA28F543C200E20336 /* Release */,
			);
			defaultConfigurationIsVisible = 0;
			defaultConfigurationName = Release;
		};
		E7708DDB28F543C200E20336 /* Build configuration list for PBXNativeTarget "FlickerLong" */ = {
			isa = XCConfigurationList;
			buildConfigurations = (
				E7708DDC28F543C200E20336 /* Debug */,
				E7708DDD28F543C200E20336 /* Release */,
			);
			defaultConfigurationIsVisible = 0;
			defaultConfigurationName = Release;
		};
/* End XCConfigurationList section */

/* Begin XCVersionGroup section */
		E7708DD028F543C100E20336 /* FlickerLong.xcdatamodeld */ = {
			isa = XCVersionGroup;
			children = (
				E7708DD128F543C100E20336 /* FlickerLong.xcdatamodel */,
			);
			currentVersion = E7708DD128F543C100E20336 /* FlickerLong.xcdatamodel */;
			path = FlickerLong.xcdatamodeld;
			sourceTree = "<group>";
			versionGroupType = wrapper.xcdatamodel;
		};
/* End XCVersionGroup section */
	};
	rootObject = E7708DBC28F543C100E20336 /* Project object */;
}
